
Microsoft Visual Studio Solution File, Format Version 12.00
# Visual Studio Version 17
VisualStudioVersion = 17.10.35027.167
MinimumVisualStudioVersion = 10.0.40219.1
Project("{9A19103F-16F7-4668-BE54-9A1E7A4F7556}") = "Domain", "Domain\Domain.csproj", "{670C2D02-F019-4407-80D3-C724BEFACF29}"
EndProject
Project("{2150E333-8FDC-42A3-9474-1A3956D46DE8}") = "4.Domain", "4.Domain", "{E322DA20-FFBE-465E-A240-6800CB65A37C}"
EndProject
Project("{2150E333-8FDC-42A3-9474-1A3956D46DE8}") = "3.Infrastructure", "3.Infrastructure", "{6FD9DBEA-4196-4F62-8B5D-C7D422062D9F}"
EndProject
Project("{2150E333-8FDC-42A3-9474-1A3956D46DE8}") = "2.Service", "2.Service", "{A5E7ABFF-89DB-425F-BFE4-B3375B5D15EA}"
EndProject
Project("{2150E333-8FDC-42A3-9474-1A3956D46DE8}") = "1.Application", "1.Application", "{86027537-D768-4811-981F-9E6E7FF23CF2}"
EndProject
Project("{9A19103F-16F7-4668-BE54-9A1E7A4F7556}") = "Infrastructure", "Infrastructure\Infrastructure.csproj", "{44324435-9F0D-47C6-9648-E3D4B1466222}"
EndProject
Project("{9A19103F-16F7-4668-BE54-9A1E7A4F7556}") = "Service", "Service\Service.csproj", "{14D613DF-CCAD-48AB-A331-B9855B555C99}"
EndProject
Project("{9A19103F-16F7-4668-BE54-9A1E7A4F7556}") = "Api.Product", "Api.Product\Api.Product.csproj", "{8CAEABD3-49EF-4D31-A6C3-8EE7C3EC2350}"
EndProject
Global
	GlobalSection(SolutionConfigurationPlatforms) = preSolution
		Debug|Any CPU = Debug|Any CPU
		Release|Any CPU = Release|Any CPU
	EndGlobalSection
	GlobalSection(ProjectConfigurationPlatforms) = postSolution
		{670C2D02-F019-4407-80D3-C724BEFACF29}.Debug|Any CPU.ActiveCfg = Debug|Any CPU
		{670C2D02-F019-4407-80D3-C724BEFACF29}.Debug|Any CPU.Build.0 = Debug|Any CPU
		{670C2D02-F019-4407-80D3-C724BEFACF29}.Release|Any CPU.ActiveCfg = Release|Any CPU
		{670C2D02-F019-4407-80D3-C724BEFACF29}.Release|Any CPU.Build.0 = Release|Any CPU
		{44324435-9F0D-47C6-9648-E3D4B1466222}.Debug|Any CPU.ActiveCfg = Debug|Any CPU
		{44324435-9F0D-47C6-9648-E3D4B1466222}.Debug|Any CPU.Build.0 = Debug|Any CPU
		{44324435-9F0D-47C6-9648-E3D4B1466222}.Release|Any CPU.ActiveCfg = Release|Any CPU
		{44324435-9F0D-47C6-9648-E3D4B1466222}.Release|Any CPU.Build.0 = Release|Any CPU
		{14D613DF-CCAD-48AB-A331-B9855B555C99}.Debug|Any CPU.ActiveCfg = Debug|Any CPU
		{14D613DF-CCAD-48AB-A331-B9855B555C99}.Debug|Any CPU.Build.0 = Debug|Any CPU
		{14D613DF-CCAD-48AB-A331-B9855B555C99}.Release|Any CPU.ActiveCfg = Release|Any CPU
		{14D613DF-CCAD-48AB-A331-B9855B555C99}.Release|Any CPU.Build.0 = Release|Any CPU
		{8CAEABD3-49EF-4D31-A6C3-8EE7C3EC2350}.Debug|Any CPU.ActiveCfg = Debug|Any CPU
		{8CAEABD3-49EF-4D31-A6C3-8EE7C3EC2350}.Debug|Any CPU.Build.0 = Debug|Any CPU
		{8CAEABD3-49EF-4D31-A6C3-8EE7C3EC2350}.Release|Any CPU.ActiveCfg = Release|Any CPU
		{8CAEABD3-49EF-4D31-A6C3-8EE7C3EC2350}.Release|Any CPU.Build.0 = Release|Any CPU
	EndGlobalSection
	GlobalSection(SolutionProperties) = preSolution
		HideSolutionNode = FALSE
	EndGlobalSection
	GlobalSection(NestedProjects) = preSolution
		{670C2D02-F019-4407-80D3-C724BEFACF29} = {E322DA20-FFBE-465E-A240-6800CB65A37C}
		{44324435-9F0D-47C6-9648-E3D4B1466222} = {6FD9DBEA-4196-4F62-8B5D-C7D422062D9F}
		{14D613DF-CCAD-48AB-A331-B9855B555C99} = {A5E7ABFF-89DB-425F-BFE4-B3375B5D15EA}
		{8CAEABD3-49EF-4D31-A6C3-8EE7C3EC2350} = {86027537-D768-4811-981F-9E6E7FF23CF2}
	EndGlobalSection
	GlobalSection(ExtensibilityGlobals) = postSolution
		SolutionGuid = {3934702B-0F3D-450B-AE84-B64AD57BFFA8}
	EndGlobalSection
EndGlobal
